// !$*UTF8*$!
{
	archiveVersion = 1;
	classes = {
	};
	objectVersion = 50;
	objects = {

/* Begin PBXBuildFile section */
		7C3223AFF9ACEC8571C36E14 /* Pods_DailyNewsIOS.framework in Frameworks */ = {isa = PBXBuildFile; fileRef = 84C91768BF38C419CC339460 /* Pods_DailyNewsIOS.framework */; };
		CE7FE113211FB7100062FF1E /* LoginViewController.swift in Sources */ = {isa = PBXBuildFile; fileRef = CE7FE112211FB7100062FF1E /* LoginViewController.swift */; };
		CE7FE115211FCFA90062FF1E /* TopNewsViewController.swift in Sources */ = {isa = PBXBuildFile; fileRef = CE7FE114211FCFA90062FF1E /* TopNewsViewController.swift */; };
		CE7FE118212002F20062FF1E /* NewsCell.swift in Sources */ = {isa = PBXBuildFile; fileRef = CE7FE117212002F20062FF1E /* NewsCell.swift */; };
		CEFC6BC5211FB2C700CB0F14 /* AppDelegate.swift in Sources */ = {isa = PBXBuildFile; fileRef = CEFC6BC4211FB2C700CB0F14 /* AppDelegate.swift */; };
		CEFC6BC7211FB2C700CB0F14 /* ViewController.swift in Sources */ = {isa = PBXBuildFile; fileRef = CEFC6BC6211FB2C700CB0F14 /* ViewController.swift */; };
		CEFC6BCA211FB2C700CB0F14 /* Main.storyboard in Resources */ = {isa = PBXBuildFile; fileRef = CEFC6BC8211FB2C700CB0F14 /* Main.storyboard */; };
		CEFC6BCD211FB2C700CB0F14 /* DailyNewsIOS.xcdatamodeld in Sources */ = {isa = PBXBuildFile; fileRef = CEFC6BCB211FB2C700CB0F14 /* DailyNewsIOS.xcdatamodeld */; };
		CEFC6BCF211FB2C900CB0F14 /* Assets.xcassets in Resources */ = {isa = PBXBuildFile; fileRef = CEFC6BCE211FB2C900CB0F14 /* Assets.xcassets */; };
		CEFC6BD2211FB2C900CB0F14 /* LaunchScreen.storyboard in Resources */ = {isa = PBXBuildFile; fileRef = CEFC6BD0211FB2C900CB0F14 /* LaunchScreen.storyboard */; };
/* End PBXBuildFile section */

/* Begin PBXFileReference section */
		84C91768BF38C419CC339460 /* Pods_DailyNewsIOS.framework */ = {isa = PBXFileReference; explicitFileType = wrapper.framework; includeInIndex = 0; path = Pods_DailyNewsIOS.framework; sourceTree = BUILT_PRODUCTS_DIR; };
		A2EE222565FF107079166D0B /* Pods-DailyNewsIOS.debug.xcconfig */ = {isa = PBXFileReference; includeInIndex = 1; lastKnownFileType = text.xcconfig; name = "Pods-DailyNewsIOS.debug.xcconfig"; path = "Pods/Target Support Files/Pods-DailyNewsIOS/Pods-DailyNewsIOS.debug.xcconfig"; sourceTree = "<group>"; };
		CE7FE112211FB7100062FF1E /* LoginViewController.swift */ = {isa = PBXFileReference; lastKnownFileType = sourcecode.swift; path = LoginViewController.swift; sourceTree = "<group>"; };
		CE7FE114211FCFA90062FF1E /* TopNewsViewController.swift */ = {isa = PBXFileReference; lastKnownFileType = sourcecode.swift; path = TopNewsViewController.swift; sourceTree = "<group>"; };
		CE7FE117212002F20062FF1E /* NewsCell.swift */ = {isa = PBXFileReference; lastKnownFileType = sourcecode.swift; path = NewsCell.swift; sourceTree = "<group>"; };
		CEFC6BC1211FB2C700CB0F14 /* DailyNewsIOS.app */ = {isa = PBXFileReference; explicitFileType = wrapper.application; includeInIndex = 0; path = DailyNewsIOS.app; sourceTree = BUILT_PRODUCTS_DIR; };
		CEFC6BC4211FB2C700CB0F14 /* AppDelegate.swift */ = {isa = PBXFileReference; lastKnownFileType = sourcecode.swift; path = AppDelegate.swift; sourceTree = "<group>"; };
		CEFC6BC6211FB2C700CB0F14 /* ViewController.swift */ = {isa = PBXFileReference; lastKnownFileType = sourcecode.swift; path = ViewController.swift; sourceTree = "<group>"; };
		CEFC6BC9211FB2C700CB0F14 /* Base */ = {isa = PBXFileReference; lastKnownFileType = file.storyboard; name = Base; path = Base.lproj/Main.storyboard; sourceTree = "<group>"; };
		CEFC6BCC211FB2C700CB0F14 /* DailyNewsIOS.xcdatamodel */ = {isa = PBXFileReference; lastKnownFileType = wrapper.xcdatamodel; path = DailyNewsIOS.xcdatamodel; sourceTree = "<group>"; };
		CEFC6BCE211FB2C900CB0F14 /* Assets.xcassets */ = {isa = PBXFileReference; lastKnownFileType = folder.assetcatalog; path = Assets.xcassets; sourceTree = "<group>"; };
		CEFC6BD1211FB2C900CB0F14 /* Base */ = {isa = PBXFileReference; lastKnownFileType = file.storyboard; name = Base; path = Base.lproj/LaunchScreen.storyboard; sourceTree = "<group>"; };
		CEFC6BD3211FB2C900CB0F14 /* Info.plist */ = {isa = PBXFileReference; lastKnownFileType = text.plist.xml; path = Info.plist; sourceTree = "<group>"; };
		E1614050AADDAF27BD224B2D /* Pods-DailyNewsIOS.release.xcconfig */ = {isa = PBXFileReference; includeInIndex = 1; lastKnownFileType = text.xcconfig; name = "Pods-DailyNewsIOS.release.xcconfig"; path = "Pods/Target Support Files/Pods-DailyNewsIOS/Pods-DailyNewsIOS.release.xcconfig"; sourceTree = "<group>"; };
/* End PBXFileReference section */

/* Begin PBXFrameworksBuildPhase section */
		CEFC6BBE211FB2C700CB0F14 /* Frameworks */ = {
			isa = PBXFrameworksBuildPhase;
			buildActionMask = 2147483647;
			files = (
				7C3223AFF9ACEC8571C36E14 /* Pods_DailyNewsIOS.framework in Frameworks */,
			);
			runOnlyForDeploymentPostprocessing = 0;
		};
/* End PBXFrameworksBuildPhase section */

/* Begin PBXGroup section */
		8D0ED296F41E2354028F9EF5 /* Pods */ = {
			isa = PBXGroup;
			children = (
				A2EE222565FF107079166D0B /* Pods-DailyNewsIOS.debug.xcconfig */,
				E1614050AADDAF27BD224B2D /* Pods-DailyNewsIOS.release.xcconfig */,
			);
			name = Pods;
			sourceTree = "<group>";
		};
		B42A14D0665780D31623F767 /* Frameworks */ = {
			isa = PBXGroup;
			children = (
				84C91768BF38C419CC339460 /* Pods_DailyNewsIOS.framework */,
			);
			name = Frameworks;
			sourceTree = "<group>";
		};
		CE7FE111211FB6DA0062FF1E /* ViewController */ = {
			isa = PBXGroup;
			children = (
				CE7FE112211FB7100062FF1E /* LoginViewController.swift */,
				CE7FE114211FCFA90062FF1E /* TopNewsViewController.swift */,
			);
			path = ViewController;
			sourceTree = "<group>";
		};
		CE7FE116212002BD0062FF1E /* Cell */ = {
			isa = PBXGroup;
			children = (
				CE7FE117212002F20062FF1E /* NewsCell.swift */,
			);
			path = Cell;
			sourceTree = "<group>";
		};
		CEFC6BB8211FB2C700CB0F14 = {
			isa = PBXGroup;
			children = (
				CE7FE116212002BD0062FF1E /* Cell */,
				CE7FE111211FB6DA0062FF1E /* ViewController */,
				CEFC6BC3211FB2C700CB0F14 /* DailyNewsIOS */,
				CEFC6BC2211FB2C700CB0F14 /* Products */,
				8D0ED296F41E2354028F9EF5 /* Pods */,
				B42A14D0665780D31623F767 /* Frameworks */,
			);
			sourceTree = "<group>";
		};
		CEFC6BC2211FB2C700CB0F14 /* Products */ = {
			isa = PBXGroup;
			children = (
				CEFC6BC1211FB2C700CB0F14 /* DailyNewsIOS.app */,
			);
			name = Products;
			sourceTree = "<group>";
		};
		CEFC6BC3211FB2C700CB0F14 /* DailyNewsIOS */ = {
			isa = PBXGroup;
			children = (
				CEFC6BC4211FB2C700CB0F14 /* AppDelegate.swift */,
				CEFC6BC6211FB2C700CB0F14 /* ViewController.swift */,
				CEFC6BC8211FB2C700CB0F14 /* Main.storyboard */,
				CEFC6BCE211FB2C900CB0F14 /* Assets.xcassets */,
				CEFC6BD0211FB2C900CB0F14 /* LaunchScreen.storyboard */,
				CEFC6BD3211FB2C900CB0F14 /* Info.plist */,
				CEFC6BCB211FB2C700CB0F14 /* DailyNewsIOS.xcdatamodeld */,
			);
			path = DailyNewsIOS;
			sourceTree = "<group>";
		};
/* End PBXGroup section */

/* Begin PBXNativeTarget section */
		CEFC6BC0211FB2C700CB0F14 /* DailyNewsIOS */ = {
			isa = PBXNativeTarget;
			buildConfigurationList = CEFC6BD6211FB2C900CB0F14 /* Build configuration list for PBXNativeTarget "DailyNewsIOS" */;
			buildPhases = (
				430439137CEAE80050A80AD1 /* [CP] Check Pods Manifest.lock */,
				CEFC6BBD211FB2C700CB0F14 /* Sources */,
				CEFC6BBE211FB2C700CB0F14 /* Frameworks */,
				CEFC6BBF211FB2C700CB0F14 /* Resources */,
				CAE6D05E4D5B969B278AD086 /* [CP] Embed Pods Frameworks */,
			);
			buildRules = (
			);
			dependencies = (
			);
			name = DailyNewsIOS;
			productName = DailyNewsIOS;
			productReference = CEFC6BC1211FB2C700CB0F14 /* DailyNewsIOS.app */;
			productType = "com.apple.product-type.application";
		};
/* End PBXNativeTarget section */

/* Begin PBXProject section */
		CEFC6BB9211FB2C700CB0F14 /* Project object */ = {
			isa = PBXProject;
			attributes = {
				LastSwiftUpdateCheck = 0940;
				LastUpgradeCheck = 0940;
				ORGANIZATIONNAME = RavSingh;
				TargetAttributes = {
					CEFC6BC0211FB2C700CB0F14 = {
						CreatedOnToolsVersion = 9.4.1;
					};
				};
			};
			buildConfigurationList = CEFC6BBC211FB2C700CB0F14 /* Build configuration list for PBXProject "DailyNewsIOS" */;
			compatibilityVersion = "Xcode 9.3";
			developmentRegion = en;
			hasScannedForEncodings = 0;
			knownRegions = (
				en,
				Base,
			);
			mainGroup = CEFC6BB8211FB2C700CB0F14;
			productRefGroup = CEFC6BC2211FB2C700CB0F14 /* Products */;
			projectDirPath = "";
			projectRoot = "";
			targets = (
				CEFC6BC0211FB2C700CB0F14 /* DailyNewsIOS */,
			);
		};
/* End PBXProject section */

/* Begin PBXResourcesBuildPhase section */
		CEFC6BBF211FB2C700CB0F14 /* Resources */ = {
			isa = PBXResourcesBuildPhase;
			buildActionMask = 2147483647;
			files = (
				CEFC6BD2211FB2C900CB0F14 /* LaunchScreen.storyboard in Resources */,
				CEFC6BCF211FB2C900CB0F14 /* Assets.xcassets in Resources */,
				CEFC6BCA211FB2C700CB0F14 /* Main.storyboard in Resources */,
			);
			runOnlyForDeploymentPostprocessing = 0;
		};
/* End PBXResourcesBuildPhase section */

/* Begin PBXShellScriptBuildPhase section */
		430439137CEAE80050A80AD1 /* [CP] Check Pods Manifest.lock */ = {
			isa = PBXShellScriptBuildPhase;
			buildActionMask = 2147483647;
			files = (
			);
			inputPaths = (
				"${PODS_PODFILE_DIR_PATH}/Podfile.lock",
				"${PODS_ROOT}/Manifest.lock",
			);
			name = "[CP] Check Pods Manifest.lock";
			outputPaths = (
				"$(DERIVED_FILE_DIR)/Pods-DailyNewsIOS-checkManifestLockResult.txt",
			);
			runOnlyForDeploymentPostprocessing = 0;
			shellPath = /bin/sh;
			shellScript = "diff \"${PODS_PODFILE_DIR_PATH}/Podfile.lock\" \"${PODS_ROOT}/Manifest.lock\" > /dev/null\nif [ $? != 0 ] ; then\n    # print error to STDERR\n    echo \"error: The sandbox is not in sync with the Podfile.lock. Run 'pod install' or update your CocoaPods installation.\" >&2\n    exit 1\nfi\n# This output is used by Xcode 'outputs' to avoid re-running this script phase.\necho \"SUCCESS\" > \"${SCRIPT_OUTPUT_FILE_0}\"\n";
			showEnvVarsInLog = 0;
		};
		CAE6D05E4D5B969B278AD086 /* [CP] Embed Pods Frameworks */ = {
			isa = PBXShellScriptBuildPhase;
			buildActionMask = 2147483647;
			files = (
			);
			inputPaths = (
				"${SRCROOT}/Pods/Target Support Files/Pods-DailyNewsIOS/Pods-DailyNewsIOS-frameworks.sh",
				"${BUILT_PRODUCTS_DIR}/Alamofire/Alamofire.framework",
			);
			name = "[CP] Embed Pods Frameworks";
			outputPaths = (
				"${TARGET_BUILD_DIR}/${FRAMEWORKS_FOLDER_PATH}/Alamofire.framework",
			);
			runOnlyForDeploymentPostprocessing = 0;
			shellPath = /bin/sh;
			shellScript = "\"${SRCROOT}/Pods/Target Support Files/Pods-DailyNewsIOS/Pods-DailyNewsIOS-frameworks.sh\"\n";
			showEnvVarsInLog = 0;
		};
/* End PBXShellScriptBuildPhase section */

/* Begin PBXSourcesBuildPhase section */
		CEFC6BBD211FB2C700CB0F14 /* Sources */ = {
			isa = PBXSourcesBuildPhase;
			buildActionMask = 2147483647;
			files = (
				CE7FE113211FB7100062FF1E /* LoginViewController.swift in Sources */,
				CEFC6BC7211FB2C700CB0F14 /* ViewController.swift in Sources */,
				CEFC6BC5211FB2C700CB0F14 /* AppDelegate.swift in Sources */,
				CE7FE115211FCFA90062FF1E /* TopNewsViewController.swift in Sources */,
				CE7FE118212002F20062FF1E /* NewsCell.swift in Sources */,
				CEFC6BCD211FB2C700CB0F14 /* DailyNewsIOS.xcdatamodeld in Sources */,
			);
			runOnlyForDeploymentPostprocessing = 0;
		};
/* End PBXSourcesBuildPhase section */

/* Begin PBXVariantGroup section */
		CEFC6BC8211FB2C700CB0F14 /* Main.storyboard */ = {
			isa = PBXVariantGroup;
			children = (
				CEFC6BC9211FB2C700CB0F14 /* Base */,
			);
			name = Main.storyboard;
			sourceTree = "<group>";
		};
		CEFC6BD0211FB2C900CB0F14 /* LaunchScreen.storyboard */ = {
			isa = PBXVariantGroup;
			children = (
				CEFC6BD1211FB2C900CB0F14 /* Base */,
			);
			name = LaunchScreen.storyboard;
			sourceTree = "<group>";
		};
/* End PBXVariantGroup section */

/* Begin XCBuildConfiguration section */
		CEFC6BD4211FB2C900CB0F14 /* Debug */ = {
			isa = XCBuildConfiguration;
			buildSettings = {
				ALWAYS_SEARCH_USER_PATHS = NO;
				CLANG_ANALYZER_NONNULL = YES;
				CLANG_ANALYZER_NUMBER_OBJECT_CONVERSION = YES_AGGRESSIVE;
				CLANG_CXX_LANGUAGE_STANDARD = "gnu++14";
				CLANG_CXX_LIBRARY = "libc++";
				CLANG_ENABLE_MODULES = YES;
				CLANG_ENABLE_OBJC_ARC = YES;
				CLANG_ENABLE_OBJC_WEAK = YES;
				CLANG_WARN_BLOCK_CAPTURE_AUTORELEASING = YES;
				CLANG_WARN_BOOL_CONVERSION = YES;
				CLANG_WARN_COMMA = YES;
				CLANG_WARN_CONSTANT_CONVERSION = YES;
				CLANG_WARN_DEPRECATED_OBJC_IMPLEMENTATIONS = YES;
				CLANG_WARN_DIRECT_OBJC_ISA_USAGE = YES_ERROR;
				CLANG_WARN_DOCUMENTATION_COMMENTS = YES;
				CLANG_WARN_EMPTY_BODY = YES;
				CLANG_WARN_ENUM_CONVERSION = YES;
				CLANG_WARN_INFINITE_RECURSION = YES;
				CLANG_WARN_INT_CONVERSION = YES;
				CLANG_WARN_NON_LITERAL_NULL_CONVERSION = YES;
				CLANG_WARN_OBJC_IMPLICIT_RETAIN_SELF = YES;
				CLANG_WARN_OBJC_LITERAL_CONVERSION = YES;
				CLANG_WARN_OBJC_ROOT_CLASS = YES_ERROR;
				CLANG_WARN_RANGE_LOOP_ANALYSIS = YES;
				CLANG_WARN_STRICT_PROTOTYPES = YES;
				CLANG_WARN_SUSPICIOUS_MOVE = YES;
				CLANG_WARN_UNGUARDED_AVAILABILITY = YES_AGGRESSIVE;
				CLANG_WARN_UNREACHABLE_CODE = YES;
				CLANG_WARN__DUPLICATE_METHOD_MATCH = YES;
				CODE_SIGN_IDENTITY = "iPhone Developer";
				COPY_PHASE_STRIP = NO;
				DEBUG_INFORMATION_FORMAT = dwarf;
				ENABLE_STRICT_OBJC_MSGSEND = YES;
				ENABLE_TESTABILITY = YES;
				GCC_C_LANGUAGE_STANDARD = gnu11;
				GCC_DYNAMIC_NO_PIC = NO;
				GCC_NO_COMMON_BLOCKS = YES;
				GCC_OPTIMIZATION_LEVEL = 0;
				GCC_PREPROCESSOR_DEFINITIONS = (
					"DEBUG=1",
					"$(inherited)",
				);
				GCC_WARN_64_TO_32_BIT_CONVERSION = YES;
				GCC_WARN_ABOUT_RETURN_TYPE = YES_ERROR;
				GCC_WARN_UNDECLARED_SELECTOR = YES;
				GCC_WARN_UNINITIALIZED_AUTOS = YES_AGGRESSIVE;
				GCC_WARN_UNUSED_FUNCTION = YES;
				GCC_WARN_UNUSED_VARIABLE = YES;
				IPHONEOS_DEPLOYMENT_TARGET = 11.4;
				MTL_ENABLE_DEBUG_INFO = YES;
				ONLY_ACTIVE_ARCH = YES;
				SDKROOT = iphoneos;
				SWIFT_ACTIVE_COMPILATION_CONDITIONS = DEBUG;
				SWIFT_OPTIMIZATION_LEVEL = "-Onone";
			};
			name = Debug;
		};
		CEFC6BD5211FB2C900CB0F14 /* Release */ = {
			isa = XCBuildConfiguration;
			buildSettings = {
				ALWAYS_SEARCH_USER_PATHS = NO;
				CLANG_ANALYZER_NONNULL = YES;
				CLANG_ANALYZER_NUMBER_OBJECT_CONVERSION = YES_AGGRESSIVE;
				CLANG_CXX_LANGUAGE_STANDARD = "gnu++14";
				CLANG_CXX_LIBRARY = "libc++";
				CLANG_ENABLE_MODULES = YES;
				CLANG_ENABLE_OBJC_ARC = YES;
				CLANG_ENABLE_OBJC_WEAK = YES;
				CLANG_WARN_BLOCK_CAPTURE_AUTORELEASING = YES;
				CLANG_WARN_BOOL_CONVERSION = YES;
				CLANG_WARN_COMMA = YES;
				CLANG_WARN_CONSTANT_CONVERSION = YES;
				CLANG_WARN_DEPRECATED_OBJC_IMPLEMENTATIONS = YES;
				CLANG_WARN_DIRECT_OBJC_ISA_USAGE = YES_ERROR;
				CLANG_WARN_DOCUMENTATION_COMMENTS = YES;
				CLANG_WARN_EMPTY_BODY = YES;
				CLANG_WARN_ENUM_CONVERSION = YES;
				CLANG_WARN_INFINITE_RECURSION = YES;
				CLANG_WARN_INT_CONVERSION = YES;
				CLANG_WARN_NON_LITERAL_NULL_CONVERSION = YES;
				CLANG_WARN_OBJC_IMPLICIT_RETAIN_SELF = YES;
				CLANG_WARN_OBJC_LITERAL_CONVERSION = YES;
				CLANG_WARN_OBJC_ROOT_CLASS = YES_ERROR;
				CLANG_WARN_RANGE_LOOP_ANALYSIS = YES;
				CLANG_WARN_STRICT_PROTOTYPES = YES;
				CLANG_WARN_SUSPICIOUS_MOVE = YES;
				CLANG_WARN_UNGUARDED_AVAILABILITY = YES_AGGRESSIVE;
				CLANG_WARN_UNREACHABLE_CODE = YES;
				CLANG_WARN__DUPLICATE_METHOD_MATCH = YES;
				CODE_SIGN_IDENTITY = "iPhone Developer";
				COPY_PHASE_STRIP = NO;
				DEBUG_INFORMATION_FORMAT = "dwarf-with-dsym";
				ENABLE_NS_ASSERTIONS = NO;
				ENABLE_STRICT_OBJC_MSGSEND = YES;
				GCC_C_LANGUAGE_STANDARD = gnu11;
				GCC_NO_COMMON_BLOCKS = YES;
				GCC_WARN_64_TO_32_BIT_CONVERSION = YES;
				GCC_WARN_ABOUT_RETURN_TYPE = YES_ERROR;
				GCC_WARN_UNDECLARED_SELECTOR = YES;
				GCC_WARN_UNINITIALIZED_AUTOS = YES_AGGRESSIVE;
				GCC_WARN_UNUSED_FUNCTION = YES;
				GCC_WARN_UNUSED_VARIABLE = YES;
				IPHONEOS_DEPLOYMENT_TARGET = 11.4;
				MTL_ENABLE_DEBUG_INFO = NO;
				SDKROOT = iphoneos;
				SWIFT_COMPILATION_MODE = wholemodule;
				SWIFT_OPTIMIZATION_LEVEL = "-O";
				VALIDATE_PRODUCT = YES;
			};
			name = Release;
		};
		CEFC6BD7211FB2C900CB0F14 /* Debug */ = {
			isa = XCBuildConfiguration;
			baseConfigurationReference = A2EE222565FF107079166D0B /* Pods-DailyNewsIOS.debug.xcconfig */;
			buildSettings = {
				ASSETCATALOG_COMPILER_APPICON_NAME = AppIcon;
				CODE_SIGN_STYLE = Automatic;
				DEVELOPMENT_TEAM = MKP4QL5587;
				INFOPLIST_FILE = DailyNewsIOS/Info.plist;
				LD_RUNPATH_SEARCH_PATHS = (
					"$(inherited)",
					"@executable_path/Frameworks",
				);
				PRODUCT_BUNDLE_IDENTIFIER = com.swift.DailyNewsIOS;
				PRODUCT_NAME = "$(TARGET_NAME)";
				SWIFT_VERSION = 4.0;
				TARGETED_DEVICE_FAMILY = "1,2";
			};
			name = Debug;
		};
		CEFC6BD8211FB2C900CB0F14 /* Release */ = {
			isa = XCBuildConfiguration;
			baseConfigurationReference = E1614050AADDAF27BD224B2D /* Pods-DailyNewsIOS.release.xcconfig */;
			buildSettings = {
				ASSETCATALOG_COMPILER_APPICON_NAME = AppIcon;
				CODE_SIGN_STYLE = Automatic;
				DEVELOPMENT_TEAM = MKP4QL5587;
				INFOPLIST_FILE = DailyNewsIOS/Info.plist;
				LD_RUNPATH_SEARCH_PATHS = (
					"$(inherited)",
					"@executable_path/Frameworks",
				);
				PRODUCT_BUNDLE_IDENTIFIER = com.swift.DailyNewsIOS;
				PRODUCT_NAME = "$(TARGET_NAME)";
				SWIFT_VERSION = 4.0;
				TARGETED_DEVICE_FAMILY = "1,2";
			};
			name = Release;
		};
/* End XCBuildConfiguration section */

/* Begin XCConfigurationList section */
		CEFC6BBC211FB2C700CB0F14 /* Build configuration list for PBXProject "DailyNewsIOS" */ = {
			isa = XCConfigurationList;
			buildConfigurations = (
				CEFC6BD4211FB2C900CB0F14 /* Debug */,
				CEFC6BD5211FB2C900CB0F14 /* Release */,
			);
			defaultConfigurationIsVisible = 0;
			defaultConfigurationName = Release;
		};
		CEFC6BD6211FB2C900CB0F14 /* Build configuration list for PBXNativeTarget "DailyNewsIOS" */ = {
			isa = XCConfigurationList;
			buildConfigurations = (
				CEFC6BD7211FB2C900CB0F14 /* Debug */,
				CEFC6BD8211FB2C900CB0F14 /* Release */,
			);
			defaultConfigurationIsVisible = 0;
			defaultConfigurationName = Release;
		};
/* End XCConfigurationList section */

/* Begin XCVersionGroup section */
		CEFC6BCB211FB2C700CB0F14 /* DailyNewsIOS.xcdatamodeld */ = {
			isa = XCVersionGroup;
			children = (
				CEFC6BCC211FB2C700CB0F14 /* DailyNewsIOS.xcdatamodel */,
			);
			currentVersion = CEFC6BCC211FB2C700CB0F14 /* DailyNewsIOS.xcdatamodel */;
			path = DailyNewsIOS.xcdatamodeld;
			sourceTree = "<group>";
			versionGroupType = wrapper.xcdatamodel;
		};
/* End XCVersionGroup section */
	};
	rootObject = CEFC6BB9211FB2C700CB0F14 /* Project object */;
}
